
Microsoft Visual Studio Solution File, Format Version 12.00
# Visual Studio Version 16
VisualStudioVersion = 16.0.31019.35
MinimumVisualStudioVersion = 10.0.40219.1
Project("{9A19103F-16F7-4668-BE54-9A1E7A4F7556}") = "ProductApi", "src\ProductApi\ProductApi.csproj", "{D5BB8F9C-CAFD-443A-BF91-87EB0C04B10E}"
EndProject
Project("{9A19103F-16F7-4668-BE54-9A1E7A4F7556}") = "IdentityApi", "src\IdentityApi\IdentityApi.csproj", "{167722A5-15FB-4A8F-95AE-A2ED18BEB0DD}"
EndProject
Project("{9A19103F-16F7-4668-BE54-9A1E7A4F7556}") = "Shared", "src\Shared\Shared.csproj", "{0FD4EE9B-AE63-4F12-953E-3B95D09A25DF}"
EndProject
Project("{9A19103F-16F7-4668-BE54-9A1E7A4F7556}") = "Is4", "Is4\Is4.csproj", "{A7CA3F2D-6ECA-429F-A178-6AE3E8C3893A}"
EndProject
Project("{FAE04EC0-301F-11D3-BF4B-00C04F79EFBC}") = "ClientApp", "src\ClientApp\ClientApp.csproj", "{32BD5912-603D-4F9F-9325-FCD20D945387}"
EndProject
Global
	GlobalSection(SolutionConfigurationPlatforms) = preSolution
		Debug|Any CPU = Debug|Any CPU
		Release|Any CPU = Release|Any CPU
	EndGlobalSection
	GlobalSection(ProjectConfigurationPlatforms) = postSolution
		{D5BB8F9C-CAFD-443A-BF91-87EB0C04B10E}.Debug|Any CPU.ActiveCfg = Debug|Any CPU
		{D5BB8F9C-CAFD-443A-BF91-87EB0C04B10E}.Debug|Any CPU.Build.0 = Debug|Any CPU
		{D5BB8F9C-CAFD-443A-BF91-87EB0C04B10E}.Release|Any CPU.ActiveCfg = Release|Any CPU
		{D5BB8F9C-CAFD-443A-BF91-87EB0C04B10E}.Release|Any CPU.Build.0 = Release|Any CPU
		{167722A5-15FB-4A8F-95AE-A2ED18BEB0DD}.Debug|Any CPU.ActiveCfg = Debug|Any CPU
		{167722A5-15FB-4A8F-95AE-A2ED18BEB0DD}.Debug|Any CPU.Build.0 = Debug|Any CPU
		{167722A5-15FB-4A8F-95AE-A2ED18BEB0DD}.Release|Any CPU.ActiveCfg = Release|Any CPU
		{167722A5-15FB-4A8F-95AE-A2ED18BEB0DD}.Release|Any CPU.Build.0 = Release|Any CPU
		{0FD4EE9B-AE63-4F12-953E-3B95D09A25DF}.Debug|Any CPU.ActiveCfg = Debug|Any CPU
		{0FD4EE9B-AE63-4F12-953E-3B95D09A25DF}.Debug|Any CPU.Build.0 = Debug|Any CPU
		{0FD4EE9B-AE63-4F12-953E-3B95D09A25DF}.Release|Any CPU.ActiveCfg = Release|Any CPU
		{0FD4EE9B-AE63-4F12-953E-3B95D09A25DF}.Release|Any CPU.Build.0 = Release|Any CPU
		{A7CA3F2D-6ECA-429F-A178-6AE3E8C3893A}.Debug|Any CPU.ActiveCfg = Debug|Any CPU
		{A7CA3F2D-6ECA-429F-A178-6AE3E8C3893A}.Debug|Any CPU.Build.0 = Debug|Any CPU
		{A7CA3F2D-6ECA-429F-A178-6AE3E8C3893A}.Release|Any CPU.ActiveCfg = Release|Any CPU
		{A7CA3F2D-6ECA-429F-A178-6AE3E8C3893A}.Release|Any CPU.Build.0 = Release|Any CPU
		{32BD5912-603D-4F9F-9325-FCD20D945387}.Debug|Any CPU.ActiveCfg = Debug|Any CPU
		{32BD5912-603D-4F9F-9325-FCD20D945387}.Debug|Any CPU.Build.0 = Debug|Any CPU
		{32BD5912-603D-4F9F-9325-FCD20D945387}.Release|Any CPU.ActiveCfg = Release|Any CPU
		{32BD5912-603D-4F9F-9325-FCD20D945387}.Release|Any CPU.Build.0 = Release|Any CPU
	EndGlobalSection
	GlobalSection(SolutionProperties) = preSolution
		HideSolutionNode = FALSE
	EndGlobalSection
	GlobalSection(ExtensibilityGlobals) = postSolution
		SolutionGuid = {10B5CC87-7E39-4C4A-A842-BCF02D512C57}
	EndGlobalSection
EndGlobal
